
Microsoft Visual Studio Solution File, Format Version 12.00
# Visual Studio Version 16
VisualStudioVersion = 16.0.29920.165
MinimumVisualStudioVersion = 10.0.40219.1
Project("{FAE04EC0-301F-11D3-BF4B-00C04F79EFBC}") = "SSM_calculation", "mzXMLReader\SSM_calculation.csproj", "{D518EFF7-99EA-4E94-9063-24E44DE1F249}"
EndProject
Project("{FAE04EC0-301F-11D3-BF4B-00C04F79EFBC}") = "ZedGraph", "zgr\ZedGraph.csproj", "{2541686B-1673-43BF-AF89-3163945DB009}"
EndProject
Global
	GlobalSection(SolutionConfigurationPlatforms) = preSolution
		Debug|Any CPU = Debug|Any CPU
		Debug|x64 = Debug|x64
		Debug|x86 = Debug|x86
		Release|Any CPU = Release|Any CPU
		Release|x64 = Release|x64
		Release|x86 = Release|x86
	EndGlobalSection
	GlobalSection(ProjectConfigurationPlatforms) = postSolution
		{D518EFF7-99EA-4E94-9063-24E44DE1F249}.Debug|Any CPU.ActiveCfg = Debug|Any CPU
		{D518EFF7-99EA-4E94-9063-24E44DE1F249}.Debug|Any CPU.Build.0 = Debug|Any CPU
		{D518EFF7-99EA-4E94-9063-24E44DE1F249}.Debug|x64.ActiveCfg = Debug|x64
		{D518EFF7-99EA-4E94-9063-24E44DE1F249}.Debug|x64.Build.0 = Debug|x64
		{D518EFF7-99EA-4E94-9063-24E44DE1F249}.Debug|x86.ActiveCfg = Debug|x86
		{D518EFF7-99EA-4E94-9063-24E44DE1F249}.Debug|x86.Build.0 = Debug|x86
		{D518EFF7-99EA-4E94-9063-24E44DE1F249}.Release|Any CPU.ActiveCfg = Release|Any CPU
		{D518EFF7-99EA-4E94-9063-24E44DE1F249}.Release|Any CPU.Build.0 = Release|Any CPU
		{D518EFF7-99EA-4E94-9063-24E44DE1F249}.Release|x64.ActiveCfg = Release|x64
		{D518EFF7-99EA-4E94-9063-24E44DE1F249}.Release|x64.Build.0 = Release|x64
		{D518EFF7-99EA-4E94-9063-24E44DE1F249}.Release|x86.ActiveCfg = Release|x86
		{D518EFF7-99EA-4E94-9063-24E44DE1F249}.Release|x86.Build.0 = Release|x86
		{2541686B-1673-43BF-AF89-3163945DB009}.Debug|Any CPU.ActiveCfg = Debug|Any CPU
		{2541686B-1673-43BF-AF89-3163945DB009}.Debug|Any CPU.Build.0 = Debug|Any CPU
		{2541686B-1673-43BF-AF89-3163945DB009}.Debug|x64.ActiveCfg = Debug|Any CPU
		{2541686B-1673-43BF-AF89-3163945DB009}.Debug|x64.Build.0 = Debug|Any CPU
		{2541686B-1673-43BF-AF89-3163945DB009}.Debug|x86.ActiveCfg = Debug|x86
		{2541686B-1673-43BF-AF89-3163945DB009}.Debug|x86.Build.0 = Debug|x86
		{2541686B-1673-43BF-AF89-3163945DB009}.Release|Any CPU.ActiveCfg = Release|Any CPU
		{2541686B-1673-43BF-AF89-3163945DB009}.Release|Any CPU.Build.0 = Release|Any CPU
		{2541686B-1673-43BF-AF89-3163945DB009}.Release|x64.ActiveCfg = Release|Any CPU
		{2541686B-1673-43BF-AF89-3163945DB009}.Release|x64.Build.0 = Release|Any CPU
		{2541686B-1673-43BF-AF89-3163945DB009}.Release|x86.ActiveCfg = Release|x86
		{2541686B-1673-43BF-AF89-3163945DB009}.Release|x86.Build.0 = Release|x86
	EndGlobalSection
	GlobalSection(SolutionProperties) = preSolution
		HideSolutionNode = FALSE
	EndGlobalSection
	GlobalSection(ExtensibilityGlobals) = postSolution
		SolutionGuid = {B7A535EA-58AE-41AA-B00C-CCA36E3E3BE2}
	EndGlobalSection
EndGlobal
